
Microsoft Visual Studio Solution File, Format Version 12.00
# Visual Studio 2013
VisualStudioVersion = 12.0.21005.1
MinimumVisualStudioVersion = 10.0.40219.1
Project("{FAE04EC0-301F-11D3-BF4B-00C04F79EFBC}") = "SimpleMapping", "TinyMapperDemo\SimpleMapping.csproj", "{5DB9B5E8-63EE-476C-8C0E-25790EF1F9F9}"
EndProject
Project("{FAE04EC0-301F-11D3-BF4B-00C04F79EFBC}") = "ComplexMapping", "ComplexMapping\ComplexMapping.csproj", "{7CE764B3-F8FA-48A0-89CD-D89B716CF797}"
EndProject
Project("{FAE04EC0-301F-11D3-BF4B-00C04F79EFBC}") = "CustomMapping", "CustomMapping\CustomMapping.csproj", "{EFA9BEF9-82C0-4EA2-9924-4461268193EC}"
EndProject
Global
	GlobalSection(SolutionConfigurationPlatforms) = preSolution
		Debug|Any CPU = Debug|Any CPU
		Release|Any CPU = Release|Any CPU
	EndGlobalSection
	GlobalSection(ProjectConfigurationPlatforms) = postSolution
		{5DB9B5E8-63EE-476C-8C0E-25790EF1F9F9}.Debug|Any CPU.ActiveCfg = Debug|Any CPU
		{5DB9B5E8-63EE-476C-8C0E-25790EF1F9F9}.Debug|Any CPU.Build.0 = Debug|Any CPU
		{5DB9B5E8-63EE-476C-8C0E-25790EF1F9F9}.Release|Any CPU.ActiveCfg = Release|Any CPU
		{5DB9B5E8-63EE-476C-8C0E-25790EF1F9F9}.Release|Any CPU.Build.0 = Release|Any CPU
		{7CE764B3-F8FA-48A0-89CD-D89B716CF797}.Debug|Any CPU.ActiveCfg = Debug|Any CPU
		{7CE764B3-F8FA-48A0-89CD-D89B716CF797}.Debug|Any CPU.Build.0 = Debug|Any CPU
		{7CE764B3-F8FA-48A0-89CD-D89B716CF797}.Release|Any CPU.ActiveCfg = Release|Any CPU
		{7CE764B3-F8FA-48A0-89CD-D89B716CF797}.Release|Any CPU.Build.0 = Release|Any CPU
		{EFA9BEF9-82C0-4EA2-9924-4461268193EC}.Debug|Any CPU.ActiveCfg = Debug|Any CPU
		{EFA9BEF9-82C0-4EA2-9924-4461268193EC}.Debug|Any CPU.Build.0 = Debug|Any CPU
		{EFA9BEF9-82C0-4EA2-9924-4461268193EC}.Release|Any CPU.ActiveCfg = Release|Any CPU
		{EFA9BEF9-82C0-4EA2-9924-4461268193EC}.Release|Any CPU.Build.0 = Release|Any CPU
	EndGlobalSection
	GlobalSection(SolutionProperties) = preSolution
		HideSolutionNode = FALSE
	EndGlobalSection
EndGlobal
